
Microsoft Visual Studio Solution File, Format Version 12.00
# Visual Studio Version 17
VisualStudioVersion = 17.0.32014.148
MinimumVisualStudioVersion = 10.0.40219.1
Project("{8BC9CEB8-8B4A-11D0-8D11-00A0C91BC942}") = "FonksiyonlarınPointerlerIleKullanimiVeReferansDegerIleCagirilmasi", "FonksiyonlarınPointerlerIleKullanimiVeReferansDegerIleCagirilmasi.vcxproj", "{50D79213-A19C-4131-AA25-F03A003207A2}"
EndProject
Global
	GlobalSection(SolutionConfigurationPlatforms) = preSolution
		Debug|x64 = Debug|x64
		Debug|x86 = Debug|x86
		Release|x64 = Release|x64
		Release|x86 = Release|x86
	EndGlobalSection
	GlobalSection(ProjectConfigurationPlatforms) = postSolution
		{50D79213-A19C-4131-AA25-F03A003207A2}.Debug|x64.ActiveCfg = Debug|x64
		{50D79213-A19C-4131-AA25-F03A003207A2}.Debug|x64.Build.0 = Debug|x64
		{50D79213-A19C-4131-AA25-F03A003207A2}.Debug|x86.ActiveCfg = Debug|Win32
		{50D79213-A19C-4131-AA25-F03A003207A2}.Debug|x86.Build.0 = Debug|Win32
		{50D79213-A19C-4131-AA25-F03A003207A2}.Release|x64.ActiveCfg = Release|x64
		{50D79213-A19C-4131-AA25-F03A003207A2}.Release|x64.Build.0 = Release|x64
		{50D79213-A19C-4131-AA25-F03A003207A2}.Release|x86.ActiveCfg = Release|Win32
		{50D79213-A19C-4131-AA25-F03A003207A2}.Release|x86.Build.0 = Release|Win32
	EndGlobalSection
	GlobalSection(SolutionProperties) = preSolution
		HideSolutionNode = FALSE
	EndGlobalSection
	GlobalSection(ExtensibilityGlobals) = postSolution
		SolutionGuid = {7FB8B4A9-5DA9-4DC8-A66B-B9E5B7AFB59E}
	EndGlobalSection
EndGlobal
