
Microsoft Visual Studio Solution File, Format Version 12.00
# Visual Studio Version 17
VisualStudioVersion = 17.0.31903.59
MinimumVisualStudioVersion = 10.0.40219.1
Project("{8BC9CEB8-8B4A-11D0-8D11-00A0C91BC942}") = "DikUcgenKontrolu", "DikUcgenKontrolu.vcxproj", "{C93133A2-4AC8-4A25-8156-DD4DFD197E53}"
EndProject
Global
	GlobalSection(SolutionConfigurationPlatforms) = preSolution
		Debug|x64 = Debug|x64
		Debug|x86 = Debug|x86
		Release|x64 = Release|x64
		Release|x86 = Release|x86
	EndGlobalSection
	GlobalSection(ProjectConfigurationPlatforms) = postSolution
		{C93133A2-4AC8-4A25-8156-DD4DFD197E53}.Debug|x64.ActiveCfg = Debug|x64
		{C93133A2-4AC8-4A25-8156-DD4DFD197E53}.Debug|x64.Build.0 = Debug|x64
		{C93133A2-4AC8-4A25-8156-DD4DFD197E53}.Debug|x86.ActiveCfg = Debug|Win32
		{C93133A2-4AC8-4A25-8156-DD4DFD197E53}.Debug|x86.Build.0 = Debug|Win32
		{C93133A2-4AC8-4A25-8156-DD4DFD197E53}.Release|x64.ActiveCfg = Release|x64
		{C93133A2-4AC8-4A25-8156-DD4DFD197E53}.Release|x64.Build.0 = Release|x64
		{C93133A2-4AC8-4A25-8156-DD4DFD197E53}.Release|x86.ActiveCfg = Release|Win32
		{C93133A2-4AC8-4A25-8156-DD4DFD197E53}.Release|x86.Build.0 = Release|Win32
	EndGlobalSection
	GlobalSection(SolutionProperties) = preSolution
		HideSolutionNode = FALSE
	EndGlobalSection
	GlobalSection(ExtensibilityGlobals) = postSolution
		SolutionGuid = {00C5CD9B-8B58-4F1C-AA42-3765462318CF}
	EndGlobalSection
EndGlobal
