
Microsoft Visual Studio Solution File, Format Version 12.00
# Visual Studio Version 17
VisualStudioVersion = 17.0.32002.185
MinimumVisualStudioVersion = 10.0.40219.1
Project("{8BC9CEB8-8B4A-11D0-8D11-00A0C91BC942}") = "AsalSayilariUretenKod", "AsalSayilariUretenKod.vcxproj", "{3742A3CD-3877-4017-9DA8-8810735F74BA}"
EndProject
Global
	GlobalSection(SolutionConfigurationPlatforms) = preSolution
		Debug|x64 = Debug|x64
		Debug|x86 = Debug|x86
		Release|x64 = Release|x64
		Release|x86 = Release|x86
	EndGlobalSection
	GlobalSection(ProjectConfigurationPlatforms) = postSolution
		{3742A3CD-3877-4017-9DA8-8810735F74BA}.Debug|x64.ActiveCfg = Debug|x64
		{3742A3CD-3877-4017-9DA8-8810735F74BA}.Debug|x64.Build.0 = Debug|x64
		{3742A3CD-3877-4017-9DA8-8810735F74BA}.Debug|x86.ActiveCfg = Debug|Win32
		{3742A3CD-3877-4017-9DA8-8810735F74BA}.Debug|x86.Build.0 = Debug|Win32
		{3742A3CD-3877-4017-9DA8-8810735F74BA}.Release|x64.ActiveCfg = Release|x64
		{3742A3CD-3877-4017-9DA8-8810735F74BA}.Release|x64.Build.0 = Release|x64
		{3742A3CD-3877-4017-9DA8-8810735F74BA}.Release|x86.ActiveCfg = Release|Win32
		{3742A3CD-3877-4017-9DA8-8810735F74BA}.Release|x86.Build.0 = Release|Win32
	EndGlobalSection
	GlobalSection(SolutionProperties) = preSolution
		HideSolutionNode = FALSE
	EndGlobalSection
	GlobalSection(ExtensibilityGlobals) = postSolution
		SolutionGuid = {7A3D3913-210E-48CA-ADEF-5DE3E7237658}
	EndGlobalSection
EndGlobal
