
Microsoft Visual Studio Solution File, Format Version 12.00
# Visual Studio Version 17
VisualStudioVersion = 17.0.31903.59
MinimumVisualStudioVersion = 10.0.40219.1
Project("{8BC9CEB8-8B4A-11D0-8D11-00A0C91BC942}") = "WhileDonguYapisi", "WhileDonguYapisi.vcxproj", "{0A63C17D-E60E-405F-B1E5-83B41DBC5130}"
EndProject
Global
	GlobalSection(SolutionConfigurationPlatforms) = preSolution
		Debug|x64 = Debug|x64
		Debug|x86 = Debug|x86
		Release|x64 = Release|x64
		Release|x86 = Release|x86
	EndGlobalSection
	GlobalSection(ProjectConfigurationPlatforms) = postSolution
		{0A63C17D-E60E-405F-B1E5-83B41DBC5130}.Debug|x64.ActiveCfg = Debug|x64
		{0A63C17D-E60E-405F-B1E5-83B41DBC5130}.Debug|x64.Build.0 = Debug|x64
		{0A63C17D-E60E-405F-B1E5-83B41DBC5130}.Debug|x86.ActiveCfg = Debug|Win32
		{0A63C17D-E60E-405F-B1E5-83B41DBC5130}.Debug|x86.Build.0 = Debug|Win32
		{0A63C17D-E60E-405F-B1E5-83B41DBC5130}.Release|x64.ActiveCfg = Release|x64
		{0A63C17D-E60E-405F-B1E5-83B41DBC5130}.Release|x64.Build.0 = Release|x64
		{0A63C17D-E60E-405F-B1E5-83B41DBC5130}.Release|x86.ActiveCfg = Release|Win32
		{0A63C17D-E60E-405F-B1E5-83B41DBC5130}.Release|x86.Build.0 = Release|Win32
	EndGlobalSection
	GlobalSection(SolutionProperties) = preSolution
		HideSolutionNode = FALSE
	EndGlobalSection
	GlobalSection(ExtensibilityGlobals) = postSolution
		SolutionGuid = {C746F71C-925E-4DB2-915A-932F11976033}
	EndGlobalSection
EndGlobal
